
Microsoft Visual Studio Solution File, Format Version 12.00
# Visual Studio 2012
Project("{FAE04EC0-301F-11D3-BF4B-00C04F79EFBC}") = "ComparerExtensions", "ComparerExtensions\ComparerExtensions.csproj", "{30A94CA4-1A5F-4DB9-9084-EA5BD1A62283}"
EndProject
Project("{FAE04EC0-301F-11D3-BF4B-00C04F79EFBC}") = "ComparerExtensions.Tests", "ComparerExtensions.Tests\ComparerExtensions.Tests.csproj", "{F7027B4A-C714-41A4-B08D-3A43A99C600D}"
EndProject
Global
	GlobalSection(SolutionConfigurationPlatforms) = preSolution
		Debug|Any CPU = Debug|Any CPU
		Release|Any CPU = Release|Any CPU
	EndGlobalSection
	GlobalSection(ProjectConfigurationPlatforms) = postSolution
		{30A94CA4-1A5F-4DB9-9084-EA5BD1A62283}.Debug|Any CPU.ActiveCfg = Debug|Any CPU
		{30A94CA4-1A5F-4DB9-9084-EA5BD1A62283}.Debug|Any CPU.Build.0 = Debug|Any CPU
		{30A94CA4-1A5F-4DB9-9084-EA5BD1A62283}.Release|Any CPU.ActiveCfg = Release|Any CPU
		{30A94CA4-1A5F-4DB9-9084-EA5BD1A62283}.Release|Any CPU.Build.0 = Release|Any CPU
		{F7027B4A-C714-41A4-B08D-3A43A99C600D}.Debug|Any CPU.ActiveCfg = Debug|Any CPU
		{F7027B4A-C714-41A4-B08D-3A43A99C600D}.Debug|Any CPU.Build.0 = Debug|Any CPU
		{F7027B4A-C714-41A4-B08D-3A43A99C600D}.Release|Any CPU.ActiveCfg = Release|Any CPU
		{F7027B4A-C714-41A4-B08D-3A43A99C600D}.Release|Any CPU.Build.0 = Release|Any CPU
	EndGlobalSection
	GlobalSection(SolutionProperties) = preSolution
		HideSolutionNode = FALSE
	EndGlobalSection
EndGlobal
